
Microsoft Visual Studio Solution File, Format Version 12.00
# Visual Studio Version 17
VisualStudioVersion = 17.9.34728.123
MinimumVisualStudioVersion = 10.0.40219.1
Project("{FAE04EC0-301F-11D3-BF4B-00C04F79EFBC}") = "LanchoneteAPI", "LanchoneteAPI.csproj", "{AC1936D1-4E5B-4684-B3E5-90995DC2D1DE}"
EndProject
Global
	GlobalSection(SolutionConfigurationPlatforms) = preSolution
		Debug|Any CPU = Debug|Any CPU
		Release|Any CPU = Release|Any CPU
	EndGlobalSection
	GlobalSection(ProjectConfigurationPlatforms) = postSolution
		{AC1936D1-4E5B-4684-B3E5-90995DC2D1DE}.Debug|Any CPU.ActiveCfg = Debug|Any CPU
		{AC1936D1-4E5B-4684-B3E5-90995DC2D1DE}.Debug|Any CPU.Build.0 = Debug|Any CPU
		{AC1936D1-4E5B-4684-B3E5-90995DC2D1DE}.Release|Any CPU.ActiveCfg = Release|Any CPU
		{AC1936D1-4E5B-4684-B3E5-90995DC2D1DE}.Release|Any CPU.Build.0 = Release|Any CPU
	EndGlobalSection
	GlobalSection(SolutionProperties) = preSolution
		HideSolutionNode = FALSE
	EndGlobalSection
	GlobalSection(ExtensibilityGlobals) = postSolution
		SolutionGuid = {914EB959-F259-4EC7-A5DA-042CA8832D5A}
	EndGlobalSection
EndGlobal
